
Microsoft Visual Studio Solution File, Format Version 12.00
# Visual Studio Version 17
VisualStudioVersion = 17.9.34607.119
MinimumVisualStudioVersion = 10.0.40219.1
Project("{FAE04EC0-301F-11D3-BF4B-00C04F79EFBC}") = "Fitness", "..\Interval\Fitness.csproj", "{0A3F5CE1-FAD6-48A4-B1CB-2B8414C4177D}"
EndProject
Global
	GlobalSection(SolutionConfigurationPlatforms) = preSolution
		Debug|Any CPU = Debug|Any CPU
		Release|Any CPU = Release|Any CPU
	EndGlobalSection
	GlobalSection(ProjectConfigurationPlatforms) = postSolution
		{0A3F5CE1-FAD6-48A4-B1CB-2B8414C4177D}.Debug|Any CPU.ActiveCfg = Debug|Any CPU
		{0A3F5CE1-FAD6-48A4-B1CB-2B8414C4177D}.Debug|Any CPU.Build.0 = Debug|Any CPU
		{0A3F5CE1-FAD6-48A4-B1CB-2B8414C4177D}.Release|Any CPU.ActiveCfg = Release|Any CPU
		{0A3F5CE1-FAD6-48A4-B1CB-2B8414C4177D}.Release|Any CPU.Build.0 = Release|Any CPU
	EndGlobalSection
	GlobalSection(SolutionProperties) = preSolution
		HideSolutionNode = FALSE
	EndGlobalSection
	GlobalSection(ExtensibilityGlobals) = postSolution
		SolutionGuid = {F5A989CC-FDC1-4C91-88B9-331291EF071B}
	EndGlobalSection
EndGlobal
